// !$*UTF8*$!
{
	archiveVersion = 1;
	classes = {
	};
	objectVersion = 50;
	objects = {

/* Begin PBXBuildFile section */
		0850D49526145E3D0061624B /* Main.storyboard in Resources */ = {isa = PBXBuildFile; fileRef = 08E323BA25E63F1900F716F7 /* Main.storyboard */; };
		0850D499261464C10061624B /* DetailsCategorieController.swift in Sources */ = {isa = PBXBuildFile; fileRef = 0850D498261464C10061624B /* DetailsCategorieController.swift */; };
		0866066A2608E616007A3B45 /* Base.lproj in Resources */ = {isa = PBXBuildFile; fileRef = 086606692608E616007A3B45 /* Base.lproj */; };
		0897A77B26149BE0005A31BA /* ProjectBDMobile.xcdatamodeld in Sources */ = {isa = PBXBuildFile; fileRef = 0866066C2608E653007A3B45 /* ProjectBDMobile.xcdatamodeld */; };
		08AA7A6125EF97A0002CB82E /* DetailsViewController.swift in Sources */ = {isa = PBXBuildFile; fileRef = 08AA7A6025EF979F002CB82E /* DetailsViewController.swift */; };
		08E323B525E63F1900F716F7 /* AppDelegate.swift in Sources */ = {isa = PBXBuildFile; fileRef = 08E323B425E63F1900F716F7 /* AppDelegate.swift */; };
		08E323B725E63F1900F716F7 /* SceneDelegate.swift in Sources */ = {isa = PBXBuildFile; fileRef = 08E323B625E63F1900F716F7 /* SceneDelegate.swift */; };
		08E323B925E63F1900F716F7 /* ViewController.swift in Sources */ = {isa = PBXBuildFile; fileRef = 08E323B825E63F1900F716F7 /* ViewController.swift */; };
		08E323C125E63F1A00F716F7 /* Assets.xcassets in Resources */ = {isa = PBXBuildFile; fileRef = 08E323C025E63F1A00F716F7 /* Assets.xcassets */; };
		08E323C425E63F1A00F716F7 /* LaunchScreen.storyboard in Resources */ = {isa = PBXBuildFile; fileRef = 08E323C225E63F1A00F716F7 /* LaunchScreen.storyboard */; };
		08E323CD25E66AEE00F716F7 /* CategoryController.swift in Sources */ = {isa = PBXBuildFile; fileRef = 08E323CC25E66AEE00F716F7 /* CategoryController.swift */; };
/* End PBXBuildFile section */

/* Begin PBXFileReference section */
		0850D498261464C10061624B /* DetailsCategorieController.swift */ = {isa = PBXFileReference; lastKnownFileType = sourcecode.swift; path = DetailsCategorieController.swift; sourceTree = "<group>"; };
		086606692608E616007A3B45 /* Base.lproj */ = {isa = PBXFileReference; lastKnownFileType = folder; path = Base.lproj; sourceTree = "<group>"; };
		0866066D2608E653007A3B45 /* ProjectBDMobile.xcdatamodel */ = {isa = PBXFileReference; lastKnownFileType = wrapper.xcdatamodel; path = ProjectBDMobile.xcdatamodel; sourceTree = "<group>"; };
		08AA7A6025EF979F002CB82E /* DetailsViewController.swift */ = {isa = PBXFileReference; lastKnownFileType = sourcecode.swift; path = DetailsViewController.swift; sourceTree = "<group>"; };
		08E323B125E63F1900F716F7 /* ProjectBDMobile.app */ = {isa = PBXFileReference; explicitFileType = wrapper.application; includeInIndex = 0; path = ProjectBDMobile.app; sourceTree = BUILT_PRODUCTS_DIR; };
		08E323B425E63F1900F716F7 /* AppDelegate.swift */ = {isa = PBXFileReference; lastKnownFileType = sourcecode.swift; path = AppDelegate.swift; sourceTree = "<group>"; };
		08E323B625E63F1900F716F7 /* SceneDelegate.swift */ = {isa = PBXFileReference; lastKnownFileType = sourcecode.swift; path = SceneDelegate.swift; sourceTree = "<group>"; };
		08E323B825E63F1900F716F7 /* ViewController.swift */ = {isa = PBXFileReference; lastKnownFileType = sourcecode.swift; path = ViewController.swift; sourceTree = "<group>"; };
		08E323BB25E63F1900F716F7 /* Base */ = {isa = PBXFileReference; lastKnownFileType = file.storyboard; name = Base; path = Base.lproj/Main.storyboard; sourceTree = "<group>"; };
		08E323C025E63F1A00F716F7 /* Assets.xcassets */ = {isa = PBXFileReference; lastKnownFileType = folder.assetcatalog; path = Assets.xcassets; sourceTree = "<group>"; };
		08E323C325E63F1A00F716F7 /* Base */ = {isa = PBXFileReference; lastKnownFileType = file.storyboard; name = Base; path = Base.lproj/LaunchScreen.storyboard; sourceTree = "<group>"; };
		08E323C525E63F1A00F716F7 /* Info.plist */ = {isa = PBXFileReference; lastKnownFileType = text.plist.xml; path = Info.plist; sourceTree = "<group>"; };
		08E323CC25E66AEE00F716F7 /* CategoryController.swift */ = {isa = PBXFileReference; lastKnownFileType = sourcecode.swift; path = CategoryController.swift; sourceTree = "<group>"; };
/* End PBXFileReference section */

/* Begin PBXFrameworksBuildPhase section */
		08E323AE25E63F1900F716F7 /* Frameworks */ = {
			isa = PBXFrameworksBuildPhase;
			buildActionMask = 2147483647;
			files = (
			);
			runOnlyForDeploymentPostprocessing = 0;
		};
/* End PBXFrameworksBuildPhase section */

/* Begin PBXGroup section */
		08E323A825E63F1900F716F7 = {
			isa = PBXGroup;
			children = (
				08E323B325E63F1900F716F7 /* ProjectBDMobile */,
				08E323B225E63F1900F716F7 /* Products */,
			);
			sourceTree = "<group>";
		};
		08E323B225E63F1900F716F7 /* Products */ = {
			isa = PBXGroup;
			children = (
				08E323B125E63F1900F716F7 /* ProjectBDMobile.app */,
			);
			name = Products;
			sourceTree = "<group>";
		};
		08E323B325E63F1900F716F7 /* ProjectBDMobile */ = {
			isa = PBXGroup;
			children = (
				08E323B425E63F1900F716F7 /* AppDelegate.swift */,
				08E323B625E63F1900F716F7 /* SceneDelegate.swift */,
				08E323B825E63F1900F716F7 /* ViewController.swift */,
				08E323BA25E63F1900F716F7 /* Main.storyboard */,
				08E323C025E63F1A00F716F7 /* Assets.xcassets */,
				08E323C225E63F1A00F716F7 /* LaunchScreen.storyboard */,
				08E323C525E63F1A00F716F7 /* Info.plist */,
				08E323CC25E66AEE00F716F7 /* CategoryController.swift */,
				08AA7A6025EF979F002CB82E /* DetailsViewController.swift */,
				0866066C2608E653007A3B45 /* ProjectBDMobile.xcdatamodeld */,
				086606692608E616007A3B45 /* Base.lproj */,
				0850D498261464C10061624B /* DetailsCategorieController.swift */,
			);
			path = ProjectBDMobile;
			sourceTree = "<group>";
		};
/* End PBXGroup section */

/* Begin PBXNativeTarget section */
		08E323B025E63F1900F716F7 /* ProjectBDMobile */ = {
			isa = PBXNativeTarget;
			buildConfigurationList = 08E323C825E63F1A00F716F7 /* Build configuration list for PBXNativeTarget "ProjectBDMobile" */;
			buildPhases = (
				08E323AD25E63F1900F716F7 /* Sources */,
				08E323AE25E63F1900F716F7 /* Frameworks */,
				08E323AF25E63F1900F716F7 /* Resources */,
			);
			buildRules = (
			);
			dependencies = (
			);
			name = ProjectBDMobile;
			productName = ProjectBDMobile;
			productReference = 08E323B125E63F1900F716F7 /* ProjectBDMobile.app */;
			productType = "com.apple.product-type.application";
		};
/* End PBXNativeTarget section */

/* Begin PBXProject section */
		08E323A925E63F1900F716F7 /* Project object */ = {
			isa = PBXProject;
			attributes = {
				LastSwiftUpdateCheck = 1240;
				LastUpgradeCheck = 1240;
				TargetAttributes = {
					08E323B025E63F1900F716F7 = {
						CreatedOnToolsVersion = 12.4;
					};
				};
			};
			buildConfigurationList = 08E323AC25E63F1900F716F7 /* Build configuration list for PBXProject "ProjectBDMobile" */;
			compatibilityVersion = "Xcode 9.3";
			developmentRegion = en;
			hasScannedForEncodings = 0;
			knownRegions = (
				en,
				Base,
			);
			mainGroup = 08E323A825E63F1900F716F7;
			productRefGroup = 08E323B225E63F1900F716F7 /* Products */;
			projectDirPath = "";
			projectRoot = "";
			targets = (
				08E323B025E63F1900F716F7 /* ProjectBDMobile */,
			);
		};
/* End PBXProject section */

/* Begin PBXResourcesBuildPhase section */
		08E323AF25E63F1900F716F7 /* Resources */ = {
			isa = PBXResourcesBuildPhase;
			buildActionMask = 2147483647;
			files = (
				08E323C425E63F1A00F716F7 /* LaunchScreen.storyboard in Resources */,
				08E323C125E63F1A00F716F7 /* Assets.xcassets in Resources */,
				0866066A2608E616007A3B45 /* Base.lproj in Resources */,
				0850D49526145E3D0061624B /* Main.storyboard in Resources */,
			);
			runOnlyForDeploymentPostprocessing = 0;
		};
/* End PBXResourcesBuildPhase section */

/* Begin PBXSourcesBuildPhase section */
		08E323AD25E63F1900F716F7 /* Sources */ = {
			isa = PBXSourcesBuildPhase;
			buildActionMask = 2147483647;
			files = (
				0850D499261464C10061624B /* DetailsCategorieController.swift in Sources */,
				08E323B925E63F1900F716F7 /* ViewController.swift in Sources */,
				08E323CD25E66AEE00F716F7 /* CategoryController.swift in Sources */,
				08E323B525E63F1900F716F7 /* AppDelegate.swift in Sources */,
				08E323B725E63F1900F716F7 /* SceneDelegate.swift in Sources */,
				0897A77B26149BE0005A31BA /* ProjectBDMobile.xcdatamodeld in Sources */,
				08AA7A6125EF97A0002CB82E /* DetailsViewController.swift in Sources */,
			);
			runOnlyForDeploymentPostprocessing = 0;
		};
/* End PBXSourcesBuildPhase section */

/* Begin PBXVariantGroup section */
		08E323BA25E63F1900F716F7 /* Main.storyboard */ = {
			isa = PBXVariantGroup;
			children = (
				08E323BB25E63F1900F716F7 /* Base */,
			);
			name = Main.storyboard;
			sourceTree = "<group>";
		};
		08E323C225E63F1A00F716F7 /* LaunchScreen.storyboard */ = {
			isa = PBXVariantGroup;
			children = (
				08E323C325E63F1A00F716F7 /* Base */,
			);
			name = LaunchScreen.storyboard;
			sourceTree = "<group>";
		};
/* End PBXVariantGroup section */

/* Begin XCBuildConfiguration section */
		08E323C625E63F1A00F716F7 /* Debug */ = {
			isa = XCBuildConfiguration;
			buildSettings = {
				ALWAYS_SEARCH_USER_PATHS = NO;
				CLANG_ANALYZER_NONNULL = YES;
				CLANG_ANALYZER_NUMBER_OBJECT_CONVERSION = YES_AGGRESSIVE;
				CLANG_CXX_LANGUAGE_STANDARD = "gnu++14";
				CLANG_CXX_LIBRARY = "libc++";
				CLANG_ENABLE_MODULES = YES;
				CLANG_ENABLE_OBJC_ARC = YES;
				CLANG_ENABLE_OBJC_WEAK = YES;
				CLANG_WARN_BLOCK_CAPTURE_AUTORELEASING = YES;
				CLANG_WARN_BOOL_CONVERSION = YES;
				CLANG_WARN_COMMA = YES;
				CLANG_WARN_CONSTANT_CONVERSION = YES;
				CLANG_WARN_DEPRECATED_OBJC_IMPLEMENTATIONS = YES;
				CLANG_WARN_DIRECT_OBJC_ISA_USAGE = YES_ERROR;
				CLANG_WARN_DOCUMENTATION_COMMENTS = YES;
				CLANG_WARN_EMPTY_BODY = YES;
				CLANG_WARN_ENUM_CONVERSION = YES;
				CLANG_WARN_INFINITE_RECURSION = YES;
				CLANG_WARN_INT_CONVERSION = YES;
				CLANG_WARN_NON_LITERAL_NULL_CONVERSION = YES;
				CLANG_WARN_OBJC_IMPLICIT_RETAIN_SELF = YES;
				CLANG_WARN_OBJC_LITERAL_CONVERSION = YES;
				CLANG_WARN_OBJC_ROOT_CLASS = YES_ERROR;
				CLANG_WARN_QUOTED_INCLUDE_IN_FRAMEWORK_HEADER = YES;
				CLANG_WARN_RANGE_LOOP_ANALYSIS = YES;
				CLANG_WARN_STRICT_PROTOTYPES = YES;
				CLANG_WARN_SUSPICIOUS_MOVE = YES;
				CLANG_WARN_UNGUARDED_AVAILABILITY = YES_AGGRESSIVE;
				CLANG_WARN_UNREACHABLE_CODE = YES;
				CLANG_WARN__DUPLICATE_METHOD_MATCH = YES;
				COPY_PHASE_STRIP = NO;
				DEBUG_INFORMATION_FORMAT = dwarf;
				ENABLE_STRICT_OBJC_MSGSEND = YES;
				ENABLE_TESTABILITY = YES;
				GCC_C_LANGUAGE_STANDARD = gnu11;
				GCC_DYNAMIC_NO_PIC = NO;
				GCC_NO_COMMON_BLOCKS = YES;
				GCC_OPTIMIZATION_LEVEL = 0;
				GCC_PREPROCESSOR_DEFINITIONS = (
					"DEBUG=1",
					"$(inherited)",
				);
				GCC_WARN_64_TO_32_BIT_CONVERSION = YES;
				GCC_WARN_ABOUT_RETURN_TYPE = YES_ERROR;
				GCC_WARN_UNDECLARED_SELECTOR = YES;
				GCC_WARN_UNINITIALIZED_AUTOS = YES_AGGRESSIVE;
				GCC_WARN_UNUSED_FUNCTION = YES;
				GCC_WARN_UNUSED_VARIABLE = YES;
				IPHONEOS_DEPLOYMENT_TARGET = 14.4;
				MTL_ENABLE_DEBUG_INFO = INCLUDE_SOURCE;
				MTL_FAST_MATH = YES;
				ONLY_ACTIVE_ARCH = YES;
				SDKROOT = iphoneos;
				SWIFT_ACTIVE_COMPILATION_CONDITIONS = DEBUG;
				SWIFT_OPTIMIZATION_LEVEL = "-Onone";
			};
			name = Debug;
		};
		08E323C725E63F1A00F716F7 /* Release */ = {
			isa = XCBuildConfiguration;
			buildSettings = {
				ALWAYS_SEARCH_USER_PATHS = NO;
				CLANG_ANALYZER_NONNULL = YES;
				CLANG_ANALYZER_NUMBER_OBJECT_CONVERSION = YES_AGGRESSIVE;
				CLANG_CXX_LANGUAGE_STANDARD = "gnu++14";
				CLANG_CXX_LIBRARY = "libc++";
				CLANG_ENABLE_MODULES = YES;
				CLANG_ENABLE_OBJC_ARC = YES;
				CLANG_ENABLE_OBJC_WEAK = YES;
				CLANG_WARN_BLOCK_CAPTURE_AUTORELEASING = YES;
				CLANG_WARN_BOOL_CONVERSION = YES;
				CLANG_WARN_COMMA = YES;
				CLANG_WARN_CONSTANT_CONVERSION = YES;
				CLANG_WARN_DEPRECATED_OBJC_IMPLEMENTATIONS = YES;
				CLANG_WARN_DIRECT_OBJC_ISA_USAGE = YES_ERROR;
				CLANG_WARN_DOCUMENTATION_COMMENTS = YES;
				CLANG_WARN_EMPTY_BODY = YES;
				CLANG_WARN_ENUM_CONVERSION = YES;
				CLANG_WARN_INFINITE_RECURSION = YES;
				CLANG_WARN_INT_CONVERSION = YES;
				CLANG_WARN_NON_LITERAL_NULL_CONVERSION = YES;
				CLANG_WARN_OBJC_IMPLICIT_RETAIN_SELF = YES;
				CLANG_WARN_OBJC_LITERAL_CONVERSION = YES;
				CLANG_WARN_OBJC_ROOT_CLASS = YES_ERROR;
				CLANG_WARN_QUOTED_INCLUDE_IN_FRAMEWORK_HEADER = YES;
				CLANG_WARN_RANGE_LOOP_ANALYSIS = YES;
				CLANG_WARN_STRICT_PROTOTYPES = YES;
				CLANG_WARN_SUSPICIOUS_MOVE = YES;
				CLANG_WARN_UNGUARDED_AVAILABILITY = YES_AGGRESSIVE;
				CLANG_WARN_UNREACHABLE_CODE = YES;
				CLANG_WARN__DUPLICATE_METHOD_MATCH = YES;
				COPY_PHASE_STRIP = NO;
				DEBUG_INFORMATION_FORMAT = "dwarf-with-dsym";
				ENABLE_NS_ASSERTIONS = NO;
				ENABLE_STRICT_OBJC_MSGSEND = YES;
				GCC_C_LANGUAGE_STANDARD = gnu11;
				GCC_NO_COMMON_BLOCKS = YES;
				GCC_WARN_64_TO_32_BIT_CONVERSION = YES;
				GCC_WARN_ABOUT_RETURN_TYPE = YES_ERROR;
				GCC_WARN_UNDECLARED_SELECTOR = YES;
				GCC_WARN_UNINITIALIZED_AUTOS = YES_AGGRESSIVE;
				GCC_WARN_UNUSED_FUNCTION = YES;
				GCC_WARN_UNUSED_VARIABLE = YES;
				IPHONEOS_DEPLOYMENT_TARGET = 14.4;
				MTL_ENABLE_DEBUG_INFO = NO;
				MTL_FAST_MATH = YES;
				SDKROOT = iphoneos;
				SWIFT_COMPILATION_MODE = wholemodule;
				SWIFT_OPTIMIZATION_LEVEL = "-O";
				VALIDATE_PRODUCT = YES;
			};
			name = Release;
		};
		08E323C925E63F1A00F716F7 /* Debug */ = {
			isa = XCBuildConfiguration;
			buildSettings = {
				ASSETCATALOG_COMPILER_APPICON_NAME = AppIcon;
				ASSETCATALOG_COMPILER_GLOBAL_ACCENT_COLOR_NAME = AccentColor;
				CODE_SIGN_STYLE = Automatic;
				DEVELOPMENT_TEAM = L9VZZTL5KU;
				INFOPLIST_FILE = ProjectBDMobile/Info.plist;
				LD_RUNPATH_SEARCH_PATHS = (
					"$(inherited)",
					"@executable_path/Frameworks",
				);
				PRODUCT_BUNDLE_IDENTIFIER = "fr.univ-lyon1.ProjectBDMobile";
				PRODUCT_NAME = "$(TARGET_NAME)";
				SWIFT_VERSION = 5.0;
				TARGETED_DEVICE_FAMILY = "1,2";
			};
			name = Debug;
		};
		08E323CA25E63F1A00F716F7 /* Release */ = {
			isa = XCBuildConfiguration;
			buildSettings = {
				ASSETCATALOG_COMPILER_APPICON_NAME = AppIcon;
				ASSETCATALOG_COMPILER_GLOBAL_ACCENT_COLOR_NAME = AccentColor;
				CODE_SIGN_STYLE = Automatic;
				DEVELOPMENT_TEAM = L9VZZTL5KU;
				INFOPLIST_FILE = ProjectBDMobile/Info.plist;
				LD_RUNPATH_SEARCH_PATHS = (
					"$(inherited)",
					"@executable_path/Frameworks",
				);
				PRODUCT_BUNDLE_IDENTIFIER = "fr.univ-lyon1.ProjectBDMobile";
				PRODUCT_NAME = "$(TARGET_NAME)";
				SWIFT_VERSION = 5.0;
				TARGETED_DEVICE_FAMILY = "1,2";
			};
			name = Release;
		};
/* End XCBuildConfiguration section */

/* Begin XCConfigurationList section */
		08E323AC25E63F1900F716F7 /* Build configuration list for PBXProject "ProjectBDMobile" */ = {
			isa = XCConfigurationList;
			buildConfigurations = (
				08E323C625E63F1A00F716F7 /* Debug */,
				08E323C725E63F1A00F716F7 /* Release */,
			);
			defaultConfigurationIsVisible = 0;
			defaultConfigurationName = Release;
		};
		08E323C825E63F1A00F716F7 /* Build configuration list for PBXNativeTarget "ProjectBDMobile" */ = {
			isa = XCConfigurationList;
			buildConfigurations = (
				08E323C925E63F1A00F716F7 /* Debug */,
				08E323CA25E63F1A00F716F7 /* Release */,
			);
			defaultConfigurationIsVisible = 0;
			defaultConfigurationName = Release;
		};
/* End XCConfigurationList section */

/* Begin XCVersionGroup section */
		0866066C2608E653007A3B45 /* ProjectBDMobile.xcdatamodeld */ = {
			isa = XCVersionGroup;
			children = (
				0866066D2608E653007A3B45 /* ProjectBDMobile.xcdatamodel */,
			);
			currentVersion = 0866066D2608E653007A3B45 /* ProjectBDMobile.xcdatamodel */;
			path = ProjectBDMobile.xcdatamodeld;
			sourceTree = "<group>";
			usesTabs = 0;
			versionGroupType = wrapper.xcdatamodel;
		};
/* End XCVersionGroup section */
	};
	rootObject = 08E323A925E63F1900F716F7 /* Project object */;
}
